{
  "name": "wigolo-sdk-research-example",
  "lockfileVersion": 3,
  "requires": true,
  "packages": {
    "": {
      "name": "wigolo-sdk-research-example",
      "dependencies": {
        "wigolo-sdk": "^0.2.0"
      }
    },
    "node_modules/wigolo-sdk": {
      "version": "0.2.0",
      "resolved": "https://registry.npmjs.org/wigolo-sdk/-/wigolo-sdk-0.2.0.tgz",
      "integrity": "sha512-xoDxye63eF5bHJDgactncFw7As5oGsgPE5/LhvEDnJAOTgXMYPgi1SIiEIubk+4fvXIRwjWDJcRg8ifxb7L0WA==",
      "license": "AGPL-3.0-only",
      "engines": {
        "node": ">=18"
      }
    }
  }
}
